// !$*UTF8*$!
{
	archiveVersion = 1;
	classes = {
	};
	objectVersion = 50;
	objects = {

/* Begin PBXBuildFile section */
		6123A0AD21C23F8300B75547 /* AppDelegate.swift in Sources */ = {isa = PBXBuildFile; fileRef = 6123A0AC21C23F8300B75547 /* AppDelegate.swift */; };
		6123A0AF21C23F8300B75547 /* ViewController.swift in Sources */ = {isa = PBXBuildFile; fileRef = 6123A0AE21C23F8300B75547 /* ViewController.swift */; };
		6123A0B221C23F8300B75547 /* Main.storyboard in Resources */ = {isa = PBXBuildFile; fileRef = 6123A0B021C23F8300B75547 /* Main.storyboard */; };
		6123A0B421C23F8400B75547 /* Assets.xcassets in Resources */ = {isa = PBXBuildFile; fileRef = 6123A0B321C23F8400B75547 /* Assets.xcassets */; };
		6123A0B721C23F8400B75547 /* LaunchScreen.storyboard in Resources */ = {isa = PBXBuildFile; fileRef = 6123A0B521C23F8400B75547 /* LaunchScreen.storyboard */; };
		6123A0C221C23F8400B75547 /* calcTests.swift in Sources */ = {isa = PBXBuildFile; fileRef = 6123A0C121C23F8400B75547 /* calcTests.swift */; };
		6123A0CD21C23F8400B75547 /* calcUITests.swift in Sources */ = {isa = PBXBuildFile; fileRef = 6123A0CC21C23F8400B75547 /* calcUITests.swift */; };
/* End PBXBuildFile section */

/* Begin PBXContainerItemProxy section */
		6123A0BE21C23F8400B75547 /* PBXContainerItemProxy */ = {
			isa = PBXContainerItemProxy;
			containerPortal = 6123A0A121C23F8300B75547 /* Project object */;
			proxyType = 1;
			remoteGlobalIDString = 6123A0A821C23F8300B75547;
			remoteInfo = calc;
		};
		6123A0C921C23F8400B75547 /* PBXContainerItemProxy */ = {
			isa = PBXContainerItemProxy;
			containerPortal = 6123A0A121C23F8300B75547 /* Project object */;
			proxyType = 1;
			remoteGlobalIDString = 6123A0A821C23F8300B75547;
			remoteInfo = calc;
		};
/* End PBXContainerItemProxy section */

/* Begin PBXFileReference section */
		6123A0A921C23F8300B75547 /* calc.app */ = {isa = PBXFileReference; explicitFileType = wrapper.application; includeInIndex = 0; path = calc.app; sourceTree = BUILT_PRODUCTS_DIR; };
		6123A0AC21C23F8300B75547 /* AppDelegate.swift */ = {isa = PBXFileReference; lastKnownFileType = sourcecode.swift; path = AppDelegate.swift; sourceTree = "<group>"; };
		6123A0AE21C23F8300B75547 /* ViewController.swift */ = {isa = PBXFileReference; lastKnownFileType = sourcecode.swift; path = ViewController.swift; sourceTree = "<group>"; };
		6123A0B121C23F8300B75547 /* Base */ = {isa = PBXFileReference; lastKnownFileType = file.storyboard; name = Base; path = Base.lproj/Main.storyboard; sourceTree = "<group>"; };
		6123A0B321C23F8400B75547 /* Assets.xcassets */ = {isa = PBXFileReference; lastKnownFileType = folder.assetcatalog; path = Assets.xcassets; sourceTree = "<group>"; };
		6123A0B621C23F8400B75547 /* Base */ = {isa = PBXFileReference; lastKnownFileType = file.storyboard; name = Base; path = Base.lproj/LaunchScreen.storyboard; sourceTree = "<group>"; };
		6123A0B821C23F8400B75547 /* Info.plist */ = {isa = PBXFileReference; lastKnownFileType = text.plist.xml; path = Info.plist; sourceTree = "<group>"; };
		6123A0BD21C23F8400B75547 /* calcTests.xctest */ = {isa = PBXFileReference; explicitFileType = wrapper.cfbundle; includeInIndex = 0; path = calcTests.xctest; sourceTree = BUILT_PRODUCTS_DIR; };
		6123A0C121C23F8400B75547 /* calcTests.swift */ = {isa = PBXFileReference; lastKnownFileType = sourcecode.swift; path = calcTests.swift; sourceTree = "<group>"; };
		6123A0C321C23F8400B75547 /* Info.plist */ = {isa = PBXFileReference; lastKnownFileType = text.plist.xml; path = Info.plist; sourceTree = "<group>"; };
		6123A0C821C23F8400B75547 /* calcUITests.xctest */ = {isa = PBXFileReference; explicitFileType = wrapper.cfbundle; includeInIndex = 0; path = calcUITests.xctest; sourceTree = BUILT_PRODUCTS_DIR; };
		6123A0CC21C23F8400B75547 /* calcUITests.swift */ = {isa = PBXFileReference; lastKnownFileType = sourcecode.swift; path = calcUITests.swift; sourceTree = "<group>"; };
		6123A0CE21C23F8400B75547 /* Info.plist */ = {isa = PBXFileReference; lastKnownFileType = text.plist.xml; path = Info.plist; sourceTree = "<group>"; };
/* End PBXFileReference section */

/* Begin PBXFrameworksBuildPhase section */
		6123A0A621C23F8300B75547 /* Frameworks */ = {
			isa = PBXFrameworksBuildPhase;
			buildActionMask = 2147483647;
			files = (
			);
			runOnlyForDeploymentPostprocessing = 0;
		};
		6123A0BA21C23F8400B75547 /* Frameworks */ = {
			isa = PBXFrameworksBuildPhase;
			buildActionMask = 2147483647;
			files = (
			);
			runOnlyForDeploymentPostprocessing = 0;
		};
		6123A0C521C23F8400B75547 /* Frameworks */ = {
			isa = PBXFrameworksBuildPhase;
			buildActionMask = 2147483647;
			files = (
			);
			runOnlyForDeploymentPostprocessing = 0;
		};
/* End PBXFrameworksBuildPhase section */

/* Begin PBXGroup section */
		6123A0A021C23F8300B75547 = {
			isa = PBXGroup;
			children = (
				6123A0AB21C23F8300B75547 /* calc */,
				6123A0C021C23F8400B75547 /* calcTests */,
				6123A0CB21C23F8400B75547 /* calcUITests */,
				6123A0AA21C23F8300B75547 /* Products */,
			);
			sourceTree = "<group>";
		};
		6123A0AA21C23F8300B75547 /* Products */ = {
			isa = PBXGroup;
			children = (
				6123A0A921C23F8300B75547 /* calc.app */,
				6123A0BD21C23F8400B75547 /* calcTests.xctest */,
				6123A0C821C23F8400B75547 /* calcUITests.xctest */,
			);
			name = Products;
			sourceTree = "<group>";
		};
		6123A0AB21C23F8300B75547 /* calc */ = {
			isa = PBXGroup;
			children = (
				6123A0AC21C23F8300B75547 /* AppDelegate.swift */,
				6123A0AE21C23F8300B75547 /* ViewController.swift */,
				6123A0B021C23F8300B75547 /* Main.storyboard */,
				6123A0B321C23F8400B75547 /* Assets.xcassets */,
				6123A0B521C23F8400B75547 /* LaunchScreen.storyboard */,
				6123A0B821C23F8400B75547 /* Info.plist */,
			);
			path = calc;
			sourceTree = "<group>";
		};
		6123A0C021C23F8400B75547 /* calcTests */ = {
			isa = PBXGroup;
			children = (
				6123A0C121C23F8400B75547 /* calcTests.swift */,
				6123A0C321C23F8400B75547 /* Info.plist */,
			);
			path = calcTests;
			sourceTree = "<group>";
		};
		6123A0CB21C23F8400B75547 /* calcUITests */ = {
			isa = PBXGroup;
			children = (
				6123A0CC21C23F8400B75547 /* calcUITests.swift */,
				6123A0CE21C23F8400B75547 /* Info.plist */,
			);
			path = calcUITests;
			sourceTree = "<group>";
		};
/* End PBXGroup section */

/* Begin PBXNativeTarget section */
		6123A0A821C23F8300B75547 /* calc */ = {
			isa = PBXNativeTarget;
			buildConfigurationList = 6123A0D121C23F8400B75547 /* Build configuration list for PBXNativeTarget "calc" */;
			buildPhases = (
				6123A0A521C23F8300B75547 /* Sources */,
				6123A0A621C23F8300B75547 /* Frameworks */,
				6123A0A721C23F8300B75547 /* Resources */,
			);
			buildRules = (
			);
			dependencies = (
			);
			name = calc;
			productName = calc;
			productReference = 6123A0A921C23F8300B75547 /* calc.app */;
			productType = "com.apple.product-type.application";
		};
		6123A0BC21C23F8400B75547 /* calcTests */ = {
			isa = PBXNativeTarget;
			buildConfigurationList = 6123A0D421C23F8400B75547 /* Build configuration list for PBXNativeTarget "calcTests" */;
			buildPhases = (
				6123A0B921C23F8400B75547 /* Sources */,
				6123A0BA21C23F8400B75547 /* Frameworks */,
				6123A0BB21C23F8400B75547 /* Resources */,
			);
			buildRules = (
			);
			dependencies = (
				6123A0BF21C23F8400B75547 /* PBXTargetDependency */,
			);
			name = calcTests;
			productName = calcTests;
			productReference = 6123A0BD21C23F8400B75547 /* calcTests.xctest */;
			productType = "com.apple.product-type.bundle.unit-test";
		};
		6123A0C721C23F8400B75547 /* calcUITests */ = {
			isa = PBXNativeTarget;
			buildConfigurationList = 6123A0D721C23F8400B75547 /* Build configuration list for PBXNativeTarget "calcUITests" */;
			buildPhases = (
				6123A0C421C23F8400B75547 /* Sources */,
				6123A0C521C23F8400B75547 /* Frameworks */,
				6123A0C621C23F8400B75547 /* Resources */,
			);
			buildRules = (
			);
			dependencies = (
				6123A0CA21C23F8400B75547 /* PBXTargetDependency */,
			);
			name = calcUITests;
			productName = calcUITests;
			productReference = 6123A0C821C23F8400B75547 /* calcUITests.xctest */;
			productType = "com.apple.product-type.bundle.ui-testing";
		};
/* End PBXNativeTarget section */

/* Begin PBXProject section */
		6123A0A121C23F8300B75547 /* Project object */ = {
			isa = PBXProject;
			attributes = {
				LastSwiftUpdateCheck = 1010;
				LastUpgradeCheck = 1010;
				ORGANIZATIONNAME = "Thomas Wan";
				TargetAttributes = {
					6123A0A821C23F8300B75547 = {
						CreatedOnToolsVersion = 10.1;
					};
					6123A0BC21C23F8400B75547 = {
						CreatedOnToolsVersion = 10.1;
						TestTargetID = 6123A0A821C23F8300B75547;
					};
					6123A0C721C23F8400B75547 = {
						CreatedOnToolsVersion = 10.1;
						TestTargetID = 6123A0A821C23F8300B75547;
					};
				};
			};
			buildConfigurationList = 6123A0A421C23F8300B75547 /* Build configuration list for PBXProject "calc" */;
			compatibilityVersion = "Xcode 9.3";
			developmentRegion = en;
			hasScannedForEncodings = 0;
			knownRegions = (
				en,
				Base,
			);
			mainGroup = 6123A0A021C23F8300B75547;
			productRefGroup = 6123A0AA21C23F8300B75547 /* Products */;
			projectDirPath = "";
			projectRoot = "";
			targets = (
				6123A0A821C23F8300B75547 /* calc */,
				6123A0BC21C23F8400B75547 /* calcTests */,
				6123A0C721C23F8400B75547 /* calcUITests */,
			);
		};
/* End PBXProject section */

/* Begin PBXResourcesBuildPhase section */
		6123A0A721C23F8300B75547 /* Resources */ = {
			isa = PBXResourcesBuildPhase;
			buildActionMask = 2147483647;
			files = (
				6123A0B721C23F8400B75547 /* LaunchScreen.storyboard in Resources */,
				6123A0B421C23F8400B75547 /* Assets.xcassets in Resources */,
				6123A0B221C23F8300B75547 /* Main.storyboard in Resources */,
			);
			runOnlyForDeploymentPostprocessing = 0;
		};
		6123A0BB21C23F8400B75547 /* Resources */ = {
			isa = PBXResourcesBuildPhase;
			buildActionMask = 2147483647;
			files = (
			);
			runOnlyForDeploymentPostprocessing = 0;
		};
		6123A0C621C23F8400B75547 /* Resources */ = {
			isa = PBXResourcesBuildPhase;
			buildActionMask = 2147483647;
			files = (
			);
			runOnlyForDeploymentPostprocessing = 0;
		};
/* End PBXResourcesBuildPhase section */

/* Begin PBXSourcesBuildPhase section */
		6123A0A521C23F8300B75547 /* Sources */ = {
			isa = PBXSourcesBuildPhase;
			buildActionMask = 2147483647;
			files = (
				6123A0AF21C23F8300B75547 /* ViewController.swift in Sources */,
				6123A0AD21C23F8300B75547 /* AppDelegate.swift in Sources */,
			);
			runOnlyForDeploymentPostprocessing = 0;
		};
		6123A0B921C23F8400B75547 /* Sources */ = {
			isa = PBXSourcesBuildPhase;
			buildActionMask = 2147483647;
			files = (
				6123A0C221C23F8400B75547 /* calcTests.swift in Sources */,
			);
			runOnlyForDeploymentPostprocessing = 0;
		};
		6123A0C421C23F8400B75547 /* Sources */ = {
			isa = PBXSourcesBuildPhase;
			buildActionMask = 2147483647;
			files = (
				6123A0CD21C23F8400B75547 /* calcUITests.swift in Sources */,
			);
			runOnlyForDeploymentPostprocessing = 0;
		};
/* End PBXSourcesBuildPhase section */

/* Begin PBXTargetDependency section */
		6123A0BF21C23F8400B75547 /* PBXTargetDependency */ = {
			isa = PBXTargetDependency;
			target = 6123A0A821C23F8300B75547 /* calc */;
			targetProxy = 6123A0BE21C23F8400B75547 /* PBXContainerItemProxy */;
		};
		6123A0CA21C23F8400B75547 /* PBXTargetDependency */ = {
			isa = PBXTargetDependency;
			target = 6123A0A821C23F8300B75547 /* calc */;
			targetProxy = 6123A0C921C23F8400B75547 /* PBXContainerItemProxy */;
		};
/* End PBXTargetDependency section */

/* Begin PBXVariantGroup section */
		6123A0B021C23F8300B75547 /* Main.storyboard */ = {
			isa = PBXVariantGroup;
			children = (
				6123A0B121C23F8300B75547 /* Base */,
			);
			name = Main.storyboard;
			sourceTree = "<group>";
		};
		6123A0B521C23F8400B75547 /* LaunchScreen.storyboard */ = {
			isa = PBXVariantGroup;
			children = (
				6123A0B621C23F8400B75547 /* Base */,
			);
			name = LaunchScreen.storyboard;
			sourceTree = "<group>";
		};
/* End PBXVariantGroup section */

/* Begin XCBuildConfiguration section */
		6123A0CF21C23F8400B75547 /* Debug */ = {
			isa = XCBuildConfiguration;
			buildSettings = {
				ALWAYS_SEARCH_USER_PATHS = NO;
				CLANG_ANALYZER_NONNULL = YES;
				CLANG_ANALYZER_NUMBER_OBJECT_CONVERSION = YES_AGGRESSIVE;
				CLANG_CXX_LANGUAGE_STANDARD = "gnu++14";
				CLANG_CXX_LIBRARY = "libc++";
				CLANG_ENABLE_MODULES = YES;
				CLANG_ENABLE_OBJC_ARC = YES;
				CLANG_ENABLE_OBJC_WEAK = YES;
				CLANG_WARN_BLOCK_CAPTURE_AUTORELEASING = YES;
				CLANG_WARN_BOOL_CONVERSION = YES;
				CLANG_WARN_COMMA = YES;
				CLANG_WARN_CONSTANT_CONVERSION = YES;
				CLANG_WARN_DEPRECATED_OBJC_IMPLEMENTATIONS = YES;
				CLANG_WARN_DIRECT_OBJC_ISA_USAGE = YES_ERROR;
				CLANG_WARN_DOCUMENTATION_COMMENTS = YES;
				CLANG_WARN_EMPTY_BODY = YES;
				CLANG_WARN_ENUM_CONVERSION = YES;
				CLANG_WARN_INFINITE_RECURSION = YES;
				CLANG_WARN_INT_CONVERSION = YES;
				CLANG_WARN_NON_LITERAL_NULL_CONVERSION = YES;
				CLANG_WARN_OBJC_IMPLICIT_RETAIN_SELF = YES;
				CLANG_WARN_OBJC_LITERAL_CONVERSION = YES;
				CLANG_WARN_OBJC_ROOT_CLASS = YES_ERROR;
				CLANG_WARN_RANGE_LOOP_ANALYSIS = YES;
				CLANG_WARN_STRICT_PROTOTYPES = YES;
				CLANG_WARN_SUSPICIOUS_MOVE = YES;
				CLANG_WARN_UNGUARDED_AVAILABILITY = YES_AGGRESSIVE;
				CLANG_WARN_UNREACHABLE_CODE = YES;
				CLANG_WARN__DUPLICATE_METHOD_MATCH = YES;
				CODE_SIGN_IDENTITY = "iPhone Developer";
				COPY_PHASE_STRIP = NO;
				DEBUG_INFORMATION_FORMAT = dwarf;
				ENABLE_STRICT_OBJC_MSGSEND = YES;
				ENABLE_TESTABILITY = YES;
				GCC_C_LANGUAGE_STANDARD = gnu11;
				GCC_DYNAMIC_NO_PIC = NO;
				GCC_NO_COMMON_BLOCKS = YES;
				GCC_OPTIMIZATION_LEVEL = 0;
				GCC_PREPROCESSOR_DEFINITIONS = (
					"DEBUG=1",
					"$(inherited)",
				);
				GCC_WARN_64_TO_32_BIT_CONVERSION = YES;
				GCC_WARN_ABOUT_RETURN_TYPE = YES_ERROR;
				GCC_WARN_UNDECLARED_SELECTOR = YES;
				GCC_WARN_UNINITIALIZED_AUTOS = YES_AGGRESSIVE;
				GCC_WARN_UNUSED_FUNCTION = YES;
				GCC_WARN_UNUSED_VARIABLE = YES;
				IPHONEOS_DEPLOYMENT_TARGET = 12.1;
				MTL_ENABLE_DEBUG_INFO = INCLUDE_SOURCE;
				MTL_FAST_MATH = YES;
				ONLY_ACTIVE_ARCH = YES;
				SDKROOT = iphoneos;
				SWIFT_ACTIVE_COMPILATION_CONDITIONS = DEBUG;
				SWIFT_OPTIMIZATION_LEVEL = "-Onone";
			};
			name = Debug;
		};
		6123A0D021C23F8400B75547 /* Release */ = {
			isa = XCBuildConfiguration;
			buildSettings = {
				ALWAYS_SEARCH_USER_PATHS = NO;
				CLANG_ANALYZER_NONNULL = YES;
				CLANG_ANALYZER_NUMBER_OBJECT_CONVERSION = YES_AGGRESSIVE;
				CLANG_CXX_LANGUAGE_STANDARD = "gnu++14";
				CLANG_CXX_LIBRARY = "libc++";
				CLANG_ENABLE_MODULES = YES;
				CLANG_ENABLE_OBJC_ARC = YES;
				CLANG_ENABLE_OBJC_WEAK = YES;
				CLANG_WARN_BLOCK_CAPTURE_AUTORELEASING = YES;
				CLANG_WARN_BOOL_CONVERSION = YES;
				CLANG_WARN_COMMA = YES;
				CLANG_WARN_CONSTANT_CONVERSION = YES;
				CLANG_WARN_DEPRECATED_OBJC_IMPLEMENTATIONS = YES;
				CLANG_WARN_DIRECT_OBJC_ISA_USAGE = YES_ERROR;
				CLANG_WARN_DOCUMENTATION_COMMENTS = YES;
				CLANG_WARN_EMPTY_BODY = YES;
				CLANG_WARN_ENUM_CONVERSION = YES;
				CLANG_WARN_INFINITE_RECURSION = YES;
				CLANG_WARN_INT_CONVERSION = YES;
				CLANG_WARN_NON_LITERAL_NULL_CONVERSION = YES;
				CLANG_WARN_OBJC_IMPLICIT_RETAIN_SELF = YES;
				CLANG_WARN_OBJC_LITERAL_CONVERSION = YES;
				CLANG_WARN_OBJC_ROOT_CLASS = YES_ERROR;
				CLANG_WARN_RANGE_LOOP_ANALYSIS = YES;
				CLANG_WARN_STRICT_PROTOTYPES = YES;
				CLANG_WARN_SUSPICIOUS_MOVE = YES;
				CLANG_WARN_UNGUARDED_AVAILABILITY = YES_AGGRESSIVE;
				CLANG_WARN_UNREACHABLE_CODE = YES;
				CLANG_WARN__DUPLICATE_METHOD_MATCH = YES;
				CODE_SIGN_IDENTITY = "iPhone Developer";
				COPY_PHASE_STRIP = NO;
				DEBUG_INFORMATION_FORMAT = "dwarf-with-dsym";
				ENABLE_NS_ASSERTIONS = NO;
				ENABLE_STRICT_OBJC_MSGSEND = YES;
				GCC_C_LANGUAGE_STANDARD = gnu11;
				GCC_NO_COMMON_BLOCKS = YES;
				GCC_WARN_64_TO_32_BIT_CONVERSION = YES;
				GCC_WARN_ABOUT_RETURN_TYPE = YES_ERROR;
				GCC_WARN_UNDECLARED_SELECTOR = YES;
				GCC_WARN_UNINITIALIZED_AUTOS = YES_AGGRESSIVE;
				GCC_WARN_UNUSED_FUNCTION = YES;
				GCC_WARN_UNUSED_VARIABLE = YES;
				IPHONEOS_DEPLOYMENT_TARGET = 12.1;
				MTL_ENABLE_DEBUG_INFO = NO;
				MTL_FAST_MATH = YES;
				SDKROOT = iphoneos;
				SWIFT_COMPILATION_MODE = wholemodule;
				SWIFT_OPTIMIZATION_LEVEL = "-O";
				VALIDATE_PRODUCT = YES;
			};
			name = Release;
		};
		6123A0D221C23F8400B75547 /* Debug */ = {
			isa = XCBuildConfiguration;
			buildSettings = {
				ASSETCATALOG_COMPILER_APPICON_NAME = AppIcon;
				CODE_SIGN_STYLE = Automatic;
				DEVELOPMENT_TEAM = U5F7GY8G2A;
				INFOPLIST_FILE = calc/Info.plist;
				LD_RUNPATH_SEARCH_PATHS = (
					"$(inherited)",
					"@executable_path/Frameworks",
				);
				PRODUCT_BUNDLE_IDENTIFIER = Learn.calc;
				PRODUCT_NAME = "$(TARGET_NAME)";
				SWIFT_VERSION = 4.2;
				TARGETED_DEVICE_FAMILY = "1,2";
			};
			name = Debug;
		};
		6123A0D321C23F8400B75547 /* Release */ = {
			isa = XCBuildConfiguration;
			buildSettings = {
				ASSETCATALOG_COMPILER_APPICON_NAME = AppIcon;
				CODE_SIGN_STYLE = Automatic;
				DEVELOPMENT_TEAM = U5F7GY8G2A;
				INFOPLIST_FILE = calc/Info.plist;
				LD_RUNPATH_SEARCH_PATHS = (
					"$(inherited)",
					"@executable_path/Frameworks",
				);
				PRODUCT_BUNDLE_IDENTIFIER = Learn.calc;
				PRODUCT_NAME = "$(TARGET_NAME)";
				SWIFT_VERSION = 4.2;
				TARGETED_DEVICE_FAMILY = "1,2";
			};
			name = Release;
		};
		6123A0D521C23F8400B75547 /* Debug */ = {
			isa = XCBuildConfiguration;
			buildSettings = {
				ALWAYS_EMBED_SWIFT_STANDARD_LIBRARIES = YES;
				BUNDLE_LOADER = "$(TEST_HOST)";
				CODE_SIGN_STYLE = Automatic;
				DEVELOPMENT_TEAM = U5F7GY8G2A;
				INFOPLIST_FILE = calcTests/Info.plist;
				LD_RUNPATH_SEARCH_PATHS = (
					"$(inherited)",
					"@executable_path/Frameworks",
					"@loader_path/Frameworks",
				);
				PRODUCT_BUNDLE_IDENTIFIER = Learn.calcTests;
				PRODUCT_NAME = "$(TARGET_NAME)";
				SWIFT_VERSION = 4.2;
				TARGETED_DEVICE_FAMILY = "1,2";
				TEST_HOST = "$(BUILT_PRODUCTS_DIR)/calc.app/calc";
			};
			name = Debug;
		};
		6123A0D621C23F8400B75547 /* Release */ = {
			isa = XCBuildConfiguration;
			buildSettings = {
				ALWAYS_EMBED_SWIFT_STANDARD_LIBRARIES = YES;
				BUNDLE_LOADER = "$(TEST_HOST)";
				CODE_SIGN_STYLE = Automatic;
				DEVELOPMENT_TEAM = U5F7GY8G2A;
				INFOPLIST_FILE = calcTests/Info.plist;
				LD_RUNPATH_SEARCH_PATHS = (
					"$(inherited)",
					"@executable_path/Frameworks",
					"@loader_path/Frameworks",
				);
				PRODUCT_BUNDLE_IDENTIFIER = Learn.calcTests;
				PRODUCT_NAME = "$(TARGET_NAME)";
				SWIFT_VERSION = 4.2;
				TARGETED_DEVICE_FAMILY = "1,2";
				TEST_HOST = "$(BUILT_PRODUCTS_DIR)/calc.app/calc";
			};
			name = Release;
		};
		6123A0D821C23F8400B75547 /* Debug */ = {
			isa = XCBuildConfiguration;
			buildSettings = {
				ALWAYS_EMBED_SWIFT_STANDARD_LIBRARIES = YES;
				CODE_SIGN_STYLE = Automatic;
				DEVELOPMENT_TEAM = U5F7GY8G2A;
				INFOPLIST_FILE = calcUITests/Info.plist;
				LD_RUNPATH_SEARCH_PATHS = (
					"$(inherited)",
					"@executable_path/Frameworks",
					"@loader_path/Frameworks",
				);
				PRODUCT_BUNDLE_IDENTIFIER = Learn.calcUITests;
				PRODUCT_NAME = "$(TARGET_NAME)";
				SWIFT_VERSION = 4.2;
				TARGETED_DEVICE_FAMILY = "1,2";
				TEST_TARGET_NAME = calc;
			};
			name = Debug;
		};
		6123A0D921C23F8400B75547 /* Release */ = {
			isa = XCBuildConfiguration;
			buildSettings = {
				ALWAYS_EMBED_SWIFT_STANDARD_LIBRARIES = YES;
				CODE_SIGN_STYLE = Automatic;
				DEVELOPMENT_TEAM = U5F7GY8G2A;
				INFOPLIST_FILE = calcUITests/Info.plist;
				LD_RUNPATH_SEARCH_PATHS = (
					"$(inherited)",
					"@executable_path/Frameworks",
					"@loader_path/Frameworks",
				);
				PRODUCT_BUNDLE_IDENTIFIER = Learn.calcUITests;
				PRODUCT_NAME = "$(TARGET_NAME)";
				SWIFT_VERSION = 4.2;
				TARGETED_DEVICE_FAMILY = "1,2";
				TEST_TARGET_NAME = calc;
			};
			name = Release;
		};
/* End XCBuildConfiguration section */

/* Begin XCConfigurationList section */
		6123A0A421C23F8300B75547 /* Build configuration list for PBXProject "calc" */ = {
			isa = XCConfigurationList;
			buildConfigurations = (
				6123A0CF21C23F8400B75547 /* Debug */,
				6123A0D021C23F8400B75547 /* Release */,
			);
			defaultConfigurationIsVisible = 0;
			defaultConfigurationName = Release;
		};
		6123A0D121C23F8400B75547 /* Build configuration list for PBXNativeTarget "calc" */ = {
			isa = XCConfigurationList;
			buildConfigurations = (
				6123A0D221C23F8400B75547 /* Debug */,
				6123A0D321C23F8400B75547 /* Release */,
			);
			defaultConfigurationIsVisible = 0;
			defaultConfigurationName = Release;
		};
		6123A0D421C23F8400B75547 /* Build configuration list for PBXNativeTarget "calcTests" */ = {
			isa = XCConfigurationList;
			buildConfigurations = (
				6123A0D521C23F8400B75547 /* Debug */,
				6123A0D621C23F8400B75547 /* Release */,
			);
			defaultConfigurationIsVisible = 0;
			defaultConfigurationName = Release;
		};
		6123A0D721C23F8400B75547 /* Build configuration list for PBXNativeTarget "calcUITests" */ = {
			isa = XCConfigurationList;
			buildConfigurations = (
				6123A0D821C23F8400B75547 /* Debug */,
				6123A0D921C23F8400B75547 /* Release */,
			);
			defaultConfigurationIsVisible = 0;
			defaultConfigurationName = Release;
		};
/* End XCConfigurationList section */
	};
	rootObject = 6123A0A121C23F8300B75547 /* Project object */;
}
